{
  "projects": [
    {
      "projectId": "3BHMWCYAenCmWb8ThbnzeF",
      "version": "62.1.2",
      "dependencies": {},
      "lang": "ts",
      "fileLocks": [
        {
          "type": "globalVariant",
          "assetId": "OhEUf6Jd0eV8",
          "checksum": "55ca944a8d953e9fad6e251b142e79bc"
        },
        {
          "type": "globalVariant",
          "assetId": "yBTVTgAz2Co9",
          "checksum": "92ac827afff59474ed34b5c81fb60670"
        },
        {
          "assetId": "3BHMWCYAenCmWb8ThbnzeF",
          "type": "projectCss",
          "checksum": "4bd1e0fe40ba880301c1bcc690181523"
        }
      ],
      "codegenVersion": "0.0.1"
    },
    {
      "projectId": "q8iq2J191QypeBqVSHzb6M",
      "version": "0.9.0",
      "dependencies": {},
      "lang": "ts",
      "fileLocks": [
        {
          "assetId": "q8iq2J191QypeBqVSHzb6M",
          "type": "projectCss",
          "checksum": "1c02168c6b23256606111fdfdbb63549"
        }
      ],
      "codegenVersion": "0.0.1"
    },
    {
      "projectId": "hjKYmYi6HMwK6TRyk7ew5R",
      "version": "6.42.0",
      "dependencies": {},
      "lang": "ts",
      "fileLocks": [
        {
          "assetId": "hjKYmYi6HMwK6TRyk7ew5R",
          "type": "projectCss",
          "checksum": "8261c92e439d6a43426690ea3cba615f"
        },
        {
          "assetId": "hjKYmYi6HMwK6TRyk7ew5R",
          "checksum": "ce1c1c4c2068f2505d175a1b6e17d26a",
          "type": "globalContexts"
        }
      ],
      "codegenVersion": "0.0.1"
    },
    {
      "projectId": "7nJ7UcFmq9UzB6eXfC5z4a",
      "version": "0.31.0",
      "dependencies": {},
      "lang": "ts",
      "fileLocks": [
        {
          "assetId": "7nJ7UcFmq9UzB6eXfC5z4a",
          "type": "projectCss",
          "checksum": "01e8cee5b9ce00fbc93f494c2a40dbf1"
        }
      ],
      "codegenVersion": "0.0.1"
    },
    {
      "projectId": "dNqcW7FYVqnkjtbdVGjyS8",
      "version": "124.0.0",
      "dependencies": {
        "3BHMWCYAenCmWb8ThbnzeF": "62.1.2"
      },
      "lang": "ts",
      "fileLocks": [
        {
          "type": "globalVariant",
          "assetId": "KU6ZMPleDsvH",
          "checksum": "0642a6e3d64be4022332fef7a77254e4"
        },
        {
          "assetId": "dNqcW7FYVqnkjtbdVGjyS8",
          "type": "projectCss",
          "checksum": "ddb54a5f9d077f1f23611a41dca36a3e"
        }
      ],
      "codegenVersion": "0.0.1"
    },
    {
      "projectId": "gmeH6XgPaBtkt51HunAo4g",
      "version": "18.12.0",
      "dependencies": {},
      "lang": "ts",
      "fileLocks": [
        {
          "assetId": "gmeH6XgPaBtkt51HunAo4g",
          "type": "projectCss",
          "checksum": "1c02168c6b23256606111fdfdbb63549"
        }
      ],
      "codegenVersion": "0.0.1"
    },
    {
      "projectId": "wboNivZUXwuALwWQq1HqWe",
      "version": "latest",
      "dependencies": {
        "3BHMWCYAenCmWb8ThbnzeF": "62.1.2",
        "gmeH6XgPaBtkt51HunAo4g": "18.12.0",
        "dNqcW7FYVqnkjtbdVGjyS8": "124.0.0",
        "7nJ7UcFmq9UzB6eXfC5z4a": "0.31.0",
        "hjKYmYi6HMwK6TRyk7ew5R": "6.42.0",
        "q8iq2J191QypeBqVSHzb6M": "0.9.0"
      },
      "lang": "ts",
      "fileLocks": [
        {
          "type": "globalVariant",
          "assetId": "JUWiTdOksfiv",
          "checksum": "3293d66f5a4e78079601e655eaa76dbb"
        },
        {
          "assetId": "wboNivZUXwuALwWQq1HqWe",
          "checksum": "dc1b92ea05ad10272696f0b1bedde87f",
          "type": "globalContexts"
        },
        {
          "type": "renderModule",
          "assetId": "RqwwBNLEqnoR",
          "checksum": "5ee0f6cc857f1eeab3a84448e0d719eb"
        },
        {
          "type": "cssRules",
          "assetId": "RqwwBNLEqnoR",
          "checksum": "5ee0f6cc857f1eeab3a84448e0d719eb"
        },
        {
          "type": "renderModule",
          "assetId": "hWxUsOX3v_FW",
          "checksum": "507d34816efae86160e59a02ae2dd338"
        },
        {
          "type": "cssRules",
          "assetId": "hWxUsOX3v_FW",
          "checksum": "507d34816efae86160e59a02ae2dd338"
        },
        {
          "type": "renderModule",
          "assetId": "15U2giDmz2if",
          "checksum": "f5339bf7dbc75ae1acbcf230fdae3270"
        },
        {
          "type": "cssRules",
          "assetId": "15U2giDmz2if",
          "checksum": "f5339bf7dbc75ae1acbcf230fdae3270"
        },
        {
          "type": "renderModule",
          "assetId": "fiT5GDRY-3nn",
          "checksum": "bc4af8f818e58ba81c49eba732237fde"
        },
        {
          "type": "cssRules",
          "assetId": "fiT5GDRY-3nn",
          "checksum": "bc4af8f818e58ba81c49eba732237fde"
        },
        {
          "type": "renderModule",
          "assetId": "DItKjmLZeVXn",
          "checksum": "45c5254e10b71dde5f09e00edb851a72"
        },
        {
          "type": "cssRules",
          "assetId": "DItKjmLZeVXn",
          "checksum": "45c5254e10b71dde5f09e00edb851a72"
        },
        {
          "type": "renderModule",
          "assetId": "4gbX1QPUZRxr",
          "checksum": "968b9279b9066ce478f4650880baabbc"
        },
        {
          "type": "cssRules",
          "assetId": "4gbX1QPUZRxr",
          "checksum": "968b9279b9066ce478f4650880baabbc"
        },
        {
          "type": "renderModule",
          "assetId": "P8dhLrphU88w",
          "checksum": "393732a9b9bded98c2bb48abf008b866"
        },
        {
          "type": "cssRules",
          "assetId": "P8dhLrphU88w",
          "checksum": "393732a9b9bded98c2bb48abf008b866"
        },
        {
          "type": "renderModule",
          "assetId": "LJkOwDhi1LMW",
          "checksum": "dc08faedabcdbd510ba048ee3b9653e5"
        },
        {
          "type": "cssRules",
          "assetId": "LJkOwDhi1LMW",
          "checksum": "dc08faedabcdbd510ba048ee3b9653e5"
        },
        {
          "type": "renderModule",
          "assetId": "Uf2krMk-vHwZ",
          "checksum": "580eceb2cc4be307afd991744d4c5e74"
        },
        {
          "type": "cssRules",
          "assetId": "Uf2krMk-vHwZ",
          "checksum": "580eceb2cc4be307afd991744d4c5e74"
        },
        {
          "type": "renderModule",
          "assetId": "ozwBdrLzTKiW",
          "checksum": "380ea00d54886985960b7c2a0c657a9a"
        },
        {
          "type": "cssRules",
          "assetId": "ozwBdrLzTKiW",
          "checksum": "380ea00d54886985960b7c2a0c657a9a"
        },
        {
          "type": "renderModule",
          "assetId": "9XazTiT1hZuq",
          "checksum": "1afb44917016468a3a369d010cd92e2b"
        },
        {
          "type": "cssRules",
          "assetId": "9XazTiT1hZuq",
          "checksum": "1afb44917016468a3a369d010cd92e2b"
        },
        {
          "type": "renderModule",
          "assetId": "p_5BOqwmCgXz",
          "checksum": "596c6e4117429b88f74a7e184bc6f400"
        },
        {
          "type": "cssRules",
          "assetId": "p_5BOqwmCgXz",
          "checksum": "596c6e4117429b88f74a7e184bc6f400"
        },
        {
          "type": "renderModule",
          "assetId": "Zd-Ayv7Gl3LR",
          "checksum": "179468d9b3a02755a1a883602edc986b"
        },
        {
          "type": "cssRules",
          "assetId": "Zd-Ayv7Gl3LR",
          "checksum": "179468d9b3a02755a1a883602edc986b"
        },
        {
          "type": "renderModule",
          "assetId": "N7GfBVMYPVHR",
          "checksum": "487829ed96a308c18bb8abd98dece87a"
        },
        {
          "type": "cssRules",
          "assetId": "N7GfBVMYPVHR",
          "checksum": "487829ed96a308c18bb8abd98dece87a"
        },
        {
          "type": "renderModule",
          "assetId": "qbwUNgcK1xVZ",
          "checksum": "3ad4ddfa92e77ddebcecd22e8fbfbf05"
        },
        {
          "type": "cssRules",
          "assetId": "qbwUNgcK1xVZ",
          "checksum": "3ad4ddfa92e77ddebcecd22e8fbfbf05"
        },
        {
          "type": "renderModule",
          "assetId": "cGGmkqUuZx0r",
          "checksum": "8a158d09f4980d727638314bc716c5bb"
        },
        {
          "type": "cssRules",
          "assetId": "cGGmkqUuZx0r",
          "checksum": "8a158d09f4980d727638314bc716c5bb"
        },
        {
          "type": "renderModule",
          "assetId": "q-IzunE5qvnB",
          "checksum": "43ef8c862c870c986153dc4a8e721dca"
        },
        {
          "type": "cssRules",
          "assetId": "q-IzunE5qvnB",
          "checksum": "43ef8c862c870c986153dc4a8e721dca"
        },
        {
          "type": "renderModule",
          "assetId": "5qvnFuh0N1V_",
          "checksum": "088292bf0c85779bbf84ff68179f925e"
        },
        {
          "type": "cssRules",
          "assetId": "5qvnFuh0N1V_",
          "checksum": "088292bf0c85779bbf84ff68179f925e"
        },
        {
          "type": "renderModule",
          "assetId": "_7HSiSo0ldFE",
          "checksum": "4f22098bef08b8757d7e5324da46ca49"
        },
        {
          "type": "cssRules",
          "assetId": "_7HSiSo0ldFE",
          "checksum": "4f22098bef08b8757d7e5324da46ca49"
        },
        {
          "type": "renderModule",
          "assetId": "4l0V7ewAu7P-",
          "checksum": "f095d7b97c169f4dc11a8dd3a05e4e18"
        },
        {
          "type": "cssRules",
          "assetId": "4l0V7ewAu7P-",
          "checksum": "f095d7b97c169f4dc11a8dd3a05e4e18"
        },
        {
          "type": "renderModule",
          "assetId": "7go_P0BKwTyK",
          "checksum": "d87fd0e3ddb747952114c09bcf0c795a"
        },
        {
          "type": "cssRules",
          "assetId": "7go_P0BKwTyK",
          "checksum": "d87fd0e3ddb747952114c09bcf0c795a"
        },
        {
          "type": "renderModule",
          "assetId": "IX3qa1iiNnIn",
          "checksum": "2c364cbdb2ebe0d61ec00555ea83b447"
        },
        {
          "type": "cssRules",
          "assetId": "IX3qa1iiNnIn",
          "checksum": "2c364cbdb2ebe0d61ec00555ea83b447"
        },
        {
          "type": "renderModule",
          "assetId": "fANKuPlo2Cc-",
          "checksum": "30670da4fe01faab3ad2de8de5c23d2e"
        },
        {
          "type": "cssRules",
          "assetId": "fANKuPlo2Cc-",
          "checksum": "30670da4fe01faab3ad2de8de5c23d2e"
        },
        {
          "type": "renderModule",
          "assetId": "FENpTl10T9dh",
          "checksum": "03a31afa1ba9e85ec0bae0d51d615709"
        },
        {
          "type": "cssRules",
          "assetId": "FENpTl10T9dh",
          "checksum": "03a31afa1ba9e85ec0bae0d51d615709"
        },
        {
          "type": "renderModule",
          "assetId": "6u5EPA4kgEpc",
          "checksum": "90043bf1eff381000e7a95c68b9b09a6"
        },
        {
          "type": "cssRules",
          "assetId": "6u5EPA4kgEpc",
          "checksum": "90043bf1eff381000e7a95c68b9b09a6"
        },
        {
          "type": "renderModule",
          "assetId": "P0poc5o2GlF7",
          "checksum": "ed8558fbe62106c57cedb9a7ec32629f"
        },
        {
          "type": "cssRules",
          "assetId": "P0poc5o2GlF7",
          "checksum": "ed8558fbe62106c57cedb9a7ec32629f"
        },
        {
          "type": "renderModule",
          "assetId": "mKAIpkMCSmyv",
          "checksum": "94a8e6ed94d55afe7acae04a7c51c81b"
        },
        {
          "type": "cssRules",
          "assetId": "mKAIpkMCSmyv",
          "checksum": "94a8e6ed94d55afe7acae04a7c51c81b"
        },
        {
          "type": "renderModule",
          "assetId": "cbrAOq2--gpq",
          "checksum": "33af721f0a86a5017d26534a324e30a0"
        },
        {
          "type": "cssRules",
          "assetId": "cbrAOq2--gpq",
          "checksum": "33af721f0a86a5017d26534a324e30a0"
        },
        {
          "type": "renderModule",
          "assetId": "9QLndKikk3oj",
          "checksum": "d311d23e10d9a01e17b3867621628156"
        },
        {
          "type": "cssRules",
          "assetId": "9QLndKikk3oj",
          "checksum": "d311d23e10d9a01e17b3867621628156"
        },
        {
          "type": "renderModule",
          "assetId": "bwl37KaCzwhN",
          "checksum": "4459417e2ea7e0c3c619134a05c4f7f9"
        },
        {
          "type": "cssRules",
          "assetId": "bwl37KaCzwhN",
          "checksum": "4459417e2ea7e0c3c619134a05c4f7f9"
        },
        {
          "type": "renderModule",
          "assetId": "Jmnl_p0DOnfd",
          "checksum": "15ac4c5489dae55677093d536ee915e5"
        },
        {
          "type": "cssRules",
          "assetId": "Jmnl_p0DOnfd",
          "checksum": "15ac4c5489dae55677093d536ee915e5"
        },
        {
          "type": "renderModule",
          "assetId": "Mawy7Cqvn9eO",
          "checksum": "6687fba4414bb5d4cc4c6532e24d2d54"
        },
        {
          "type": "cssRules",
          "assetId": "Mawy7Cqvn9eO",
          "checksum": "6687fba4414bb5d4cc4c6532e24d2d54"
        },
        {
          "type": "renderModule",
          "assetId": "-3KpQoTp5swZ",
          "checksum": "99b57a86cee6a147beee09589a50c7fb"
        },
        {
          "type": "cssRules",
          "assetId": "-3KpQoTp5swZ",
          "checksum": "99b57a86cee6a147beee09589a50c7fb"
        },
        {
          "type": "renderModule",
          "assetId": "vV0rS8SjXr0F",
          "checksum": "6050271ee79d9239ddd751454141d5b2"
        },
        {
          "type": "cssRules",
          "assetId": "vV0rS8SjXr0F",
          "checksum": "6050271ee79d9239ddd751454141d5b2"
        },
        {
          "type": "renderModule",
          "assetId": "kAApz3d90Dx6",
          "checksum": "4993007942e13b408759e3834a29ef30"
        },
        {
          "type": "cssRules",
          "assetId": "kAApz3d90Dx6",
          "checksum": "4993007942e13b408759e3834a29ef30"
        },
        {
          "type": "renderModule",
          "assetId": "KutTkAx6IxM_",
          "checksum": "0f05ef792ea315fab1712aca30a67d5a"
        },
        {
          "type": "cssRules",
          "assetId": "KutTkAx6IxM_",
          "checksum": "0f05ef792ea315fab1712aca30a67d5a"
        },
        {
          "type": "renderModule",
          "assetId": "AhUJHR7qqo47",
          "checksum": "ea12d8769c3845e5be58ede75e9c844f"
        },
        {
          "type": "cssRules",
          "assetId": "AhUJHR7qqo47",
          "checksum": "ea12d8769c3845e5be58ede75e9c844f"
        },
        {
          "type": "renderModule",
          "assetId": "rBfmFgZSykn7",
          "checksum": "3fbe8b85874633fe3a9d54f1b9dad122"
        },
        {
          "type": "cssRules",
          "assetId": "rBfmFgZSykn7",
          "checksum": "3fbe8b85874633fe3a9d54f1b9dad122"
        },
        {
          "type": "renderModule",
          "assetId": "3sL7Fq-NVmK6",
          "checksum": "729f71fdeccd22e5003f38bb9849d09c"
        },
        {
          "type": "cssRules",
          "assetId": "3sL7Fq-NVmK6",
          "checksum": "729f71fdeccd22e5003f38bb9849d09c"
        },
        {
          "type": "renderModule",
          "assetId": "owTExFnZGR7G",
          "checksum": "977fa108d365138647de14502d7f6a1a"
        },
        {
          "type": "cssRules",
          "assetId": "owTExFnZGR7G",
          "checksum": "977fa108d365138647de14502d7f6a1a"
        },
        {
          "type": "renderModule",
          "assetId": "WPoBM0TGXJHg",
          "checksum": "f5feb98b6bb649ba95f2414533d4c264"
        },
        {
          "type": "cssRules",
          "assetId": "WPoBM0TGXJHg",
          "checksum": "f5feb98b6bb649ba95f2414533d4c264"
        },
        {
          "type": "renderModule",
          "assetId": "D6Ikb81zwaMg",
          "checksum": "b27b0f65d7ddfe0d7dae3ac92feeb92e"
        },
        {
          "type": "cssRules",
          "assetId": "D6Ikb81zwaMg",
          "checksum": "b27b0f65d7ddfe0d7dae3ac92feeb92e"
        },
        {
          "type": "renderModule",
          "assetId": "hO9m_SxMqfWL",
          "checksum": "7558fd03661b08131763c39e5ff176cf"
        },
        {
          "type": "cssRules",
          "assetId": "hO9m_SxMqfWL",
          "checksum": "7558fd03661b08131763c39e5ff176cf"
        },
        {
          "type": "renderModule",
          "assetId": "GI7mwQ2aLIZ6",
          "checksum": "5bbd34eab971dd67fca62f1c59dbb1ee"
        },
        {
          "type": "cssRules",
          "assetId": "GI7mwQ2aLIZ6",
          "checksum": "5bbd34eab971dd67fca62f1c59dbb1ee"
        },
        {
          "type": "icon",
          "assetId": "RBiRjhO0DzbV",
          "checksum": "fb38895fac7e3c13bbea175ff2c5c29e"
        },
        {
          "type": "icon",
          "assetId": "662tEaBUHtSS",
          "checksum": "d804b31ce2fa998a10f678345a90b8bf"
        },
        {
          "type": "icon",
          "assetId": "24mFtLAbdat_",
          "checksum": "7bbbe4a9e156a08893d096570b9ac38c"
        },
        {
          "type": "icon",
          "assetId": "b1OKjYZV5Ue9",
          "checksum": "91c6c0af659cd4a6ce6b4081f7712e0d"
        },
        {
          "type": "icon",
          "assetId": "ao7Scrvo-vPs",
          "checksum": "d52e939c5eb4b2e945adf811c750b6c3"
        },
        {
          "type": "icon",
          "assetId": "o4rUs5FJlNGU",
          "checksum": "1339069896dd087e5c19fbcf7f50aa5c"
        },
        {
          "type": "icon",
          "assetId": "9bvWUirdvP9L",
          "checksum": "06bfb37ae1d02dd3b006d722c1126162"
        },
        {
          "type": "icon",
          "assetId": "vjYO-Sm9E83Z",
          "checksum": "3a399149691df4e7439cc1b32940a90c"
        },
        {
          "type": "icon",
          "assetId": "OVZgL4rZ9p8T",
          "checksum": "c940cc171d8633becc325d436d316c9e"
        },
        {
          "type": "icon",
          "assetId": "L888xZKVD1mv",
          "checksum": "49130200154749847c93ee92d7fb1e32"
        },
        {
          "type": "icon",
          "assetId": "pJ58w7Rcc4LY",
          "checksum": "42cd56bc21f6c3ba4cf50179d04721a3"
        },
        {
          "type": "icon",
          "assetId": "CI9bePwYeqk_",
          "checksum": "202463da025043d00de7c0dc744f1c2c"
        },
        {
          "type": "icon",
          "assetId": "tyIGVGgCPx6-",
          "checksum": "a0df5e8fb2f72e3906728014a8c6335a"
        },
        {
          "type": "icon",
          "assetId": "zoFdB7413Ak5",
          "checksum": "46d150469ba2437e5d2cf512faa44c30"
        },
        {
          "type": "icon",
          "assetId": "MaAk5FmpJvKL",
          "checksum": "779e39dca10befd71b5ecfa378e8893c"
        },
        {
          "type": "icon",
          "assetId": "OkqcfyuCXSyh",
          "checksum": "0f794fe557276272c5c2eaded2b280e8"
        },
        {
          "type": "icon",
          "assetId": "1hqMCUzedNjh",
          "checksum": "9b7c2b3e42bdbbfe4521a64ed51bd87f"
        },
        {
          "type": "icon",
          "assetId": "GXpTcu8b2Dds",
          "checksum": "6e388eb0c7f0b450c17548a6537d0daa"
        },
        {
          "type": "icon",
          "assetId": "p6YqiWfHcDSN",
          "checksum": "beb1d0d43f876100102469be4fa6b19e"
        },
        {
          "type": "icon",
          "assetId": "IHzVtoYyGjcQ",
          "checksum": "41685496a2e3bafbc0aa5f8ac869f49c"
        },
        {
          "type": "icon",
          "assetId": "75dQ331yUi5f",
          "checksum": "df9ece017e68a767048502497ef5610e"
        },
        {
          "type": "icon",
          "assetId": "SuaNU5qvxaSV",
          "checksum": "a4ca9a368aa4b463dc6a077d1de94420"
        },
        {
          "type": "icon",
          "assetId": "5IKC2IIVAaWy",
          "checksum": "574a1fa63c6fbb353d40a0536ac48ff7"
        },
        {
          "type": "icon",
          "assetId": "jrRjrhokuSvd",
          "checksum": "121c8ca734a3bc4b8c35adacc935882e"
        },
        {
          "type": "icon",
          "assetId": "rj88yephL93c",
          "checksum": "b15a3d05f63d180160c94ec89d044e7b"
        },
        {
          "type": "icon",
          "assetId": "jhA4ZBJnH86i",
          "checksum": "0ad579b299af8a986c8e513e95658fcf"
        },
        {
          "type": "icon",
          "assetId": "Jmmll2PrAgDL",
          "checksum": "5b45ba5316c6cd853ed325065c0cfb02"
        },
        {
          "type": "icon",
          "assetId": "aMDf9tkWGyuE",
          "checksum": "45d21f619fe6e82107b8a742107a4141"
        },
        {
          "type": "image",
          "assetId": "MMOKz3YjMLN9",
          "checksum": "bf8c5927ac274632243e9b59820c2412"
        },
        {
          "type": "image",
          "assetId": "ZA97MAf4oKxP",
          "checksum": "56345320de4ee3fbadaf144db27ab661"
        },
        {
          "assetId": "wboNivZUXwuALwWQq1HqWe",
          "type": "projectCss",
          "checksum": "4f6648967163215f9e3912250eac990b"
        }
      ],
      "codegenVersion": "0.0.1"
    }
  ],
  "cliVersion": "0.1.335"
}
